// !$*UTF8*$!
{
	archiveVersion = 1;
	classes = {
	};
	objectVersion = 46;
	objects = {

/* Begin PBXBuildFile section */
		C279171ED85475ABA274A0B3 /* Pods_Earthquakes.framework in Frameworks */ = {isa = PBXBuildFile; fileRef = 789DA8F58394E21FE9E198AB /* Pods_Earthquakes.framework */; };
		FC0ACB781DE84A6100F8C2B7 /* CoreDataManager.swift in Sources */ = {isa = PBXBuildFile; fileRef = FC0ACB771DE84A6100F8C2B7 /* CoreDataManager.swift */; };
		FC1A97781DAD517D00C5C0A4 /* MapKit.framework in Frameworks */ = {isa = PBXBuildFile; fileRef = FC1A97771DAD517D00C5C0A4 /* MapKit.framework */; };
		FC1A977A1DAD546000C5C0A4 /* DetailedEarthquakeViewController.swift in Sources */ = {isa = PBXBuildFile; fileRef = FC1A97791DAD546000C5C0A4 /* DetailedEarthquakeViewController.swift */; };
		FC36BD951DAD489B00D7E496 /* NothingFoundCell.xib in Resources */ = {isa = PBXBuildFile; fileRef = FC36BD941DAD489B00D7E496 /* NothingFoundCell.xib */; };
		FC4628CD1DAB8DEC00D73178 /* AppDelegate.swift in Sources */ = {isa = PBXBuildFile; fileRef = FC4628CC1DAB8DEC00D73178 /* AppDelegate.swift */; };
		FC4628D21DAB8DEC00D73178 /* Main.storyboard in Resources */ = {isa = PBXBuildFile; fileRef = FC4628D01DAB8DEC00D73178 /* Main.storyboard */; };
		FC4628D51DAB8DEC00D73178 /* Earthquakes.xcdatamodeld in Sources */ = {isa = PBXBuildFile; fileRef = FC4628D31DAB8DEC00D73178 /* Earthquakes.xcdatamodeld */; };
		FC4628DA1DAB8DEC00D73178 /* LaunchScreen.storyboard in Resources */ = {isa = PBXBuildFile; fileRef = FC4628D81DAB8DEC00D73178 /* LaunchScreen.storyboard */; };
		FC4628E21DABA86300D73178 /* Assets.xcassets in Resources */ = {isa = PBXBuildFile; fileRef = FC4628E11DABA86300D73178 /* Assets.xcassets */; };
		FC4628E61DABB33900D73178 /* EarthquakeViewController.swift in Sources */ = {isa = PBXBuildFile; fileRef = FC4628E51DABB33900D73178 /* EarthquakeViewController.swift */; };
		FC4628EB1DABB38800D73178 /* EarthquakeTableViewCell.xib in Resources */ = {isa = PBXBuildFile; fileRef = FC4628EA1DABB38800D73178 /* EarthquakeTableViewCell.xib */; };
		FC4628ED1DABB39400D73178 /* EarthquakeTableViewCell.swift in Sources */ = {isa = PBXBuildFile; fileRef = FC4628EC1DABB39400D73178 /* EarthquakeTableViewCell.swift */; };
		FC4628F21DACE30000D73178 /* APIClient.swift in Sources */ = {isa = PBXBuildFile; fileRef = FC4628F11DACE2FF00D73178 /* APIClient.swift */; };
		FC4628F51DAD26C200D73178 /* Earthquake.swift in Sources */ = {isa = PBXBuildFile; fileRef = FC4628F41DAD26C200D73178 /* Earthquake.swift */; };
		FC4628F91DAD3BD400D73178 /* Date.swift in Sources */ = {isa = PBXBuildFile; fileRef = FC4628F81DAD3BD300D73178 /* Date.swift */; };
		FC73BC761DAD7F4100F7CAA2 /* Earthquake+CoreDataClass.swift in Sources */ = {isa = PBXBuildFile; fileRef = FC73BC741DAD7F4100F7CAA2 /* Earthquake+CoreDataClass.swift */; };
		FC73BC771DAD7F4100F7CAA2 /* Earthquake+CoreDataProperties.swift in Sources */ = {isa = PBXBuildFile; fileRef = FC73BC751DAD7F4100F7CAA2 /* Earthquake+CoreDataProperties.swift */; };
		FC73BC7A1DAE4FD200F7CAA2 /* FavouritiesTableViewController.swift in Sources */ = {isa = PBXBuildFile; fileRef = FC73BC791DAE4FD200F7CAA2 /* FavouritiesTableViewController.swift */; };
/* End PBXBuildFile section */

/* Begin PBXFileReference section */
		789DA8F58394E21FE9E198AB /* Pods_Earthquakes.framework */ = {isa = PBXFileReference; explicitFileType = wrapper.framework; includeInIndex = 0; path = Pods_Earthquakes.framework; sourceTree = BUILT_PRODUCTS_DIR; };
		97B8AC2CDB6AED7FD421155C /* Pods-Earthquakes.release.xcconfig */ = {isa = PBXFileReference; includeInIndex = 1; lastKnownFileType = text.xcconfig; name = "Pods-Earthquakes.release.xcconfig"; path = "Pods/Target Support Files/Pods-Earthquakes/Pods-Earthquakes.release.xcconfig"; sourceTree = "<group>"; };
		BA3F67F0333386BFE4791606 /* Pods-Earthquakes.debug.xcconfig */ = {isa = PBXFileReference; includeInIndex = 1; lastKnownFileType = text.xcconfig; name = "Pods-Earthquakes.debug.xcconfig"; path = "Pods/Target Support Files/Pods-Earthquakes/Pods-Earthquakes.debug.xcconfig"; sourceTree = "<group>"; };
		FC0ACB771DE84A6100F8C2B7 /* CoreDataManager.swift */ = {isa = PBXFileReference; fileEncoding = 4; lastKnownFileType = sourcecode.swift; path = CoreDataManager.swift; sourceTree = "<group>"; };
		FC1A97771DAD517D00C5C0A4 /* MapKit.framework */ = {isa = PBXFileReference; lastKnownFileType = wrapper.framework; name = MapKit.framework; path = System/Library/Frameworks/MapKit.framework; sourceTree = SDKROOT; };
		FC1A97791DAD546000C5C0A4 /* DetailedEarthquakeViewController.swift */ = {isa = PBXFileReference; fileEncoding = 4; lastKnownFileType = sourcecode.swift; path = DetailedEarthquakeViewController.swift; sourceTree = "<group>"; };
		FC36BD941DAD489B00D7E496 /* NothingFoundCell.xib */ = {isa = PBXFileReference; fileEncoding = 4; lastKnownFileType = file.xib; path = NothingFoundCell.xib; sourceTree = "<group>"; };
		FC4628C91DAB8DEC00D73178 /* Earthquakes.app */ = {isa = PBXFileReference; explicitFileType = wrapper.application; includeInIndex = 0; path = Earthquakes.app; sourceTree = BUILT_PRODUCTS_DIR; };
		FC4628CC1DAB8DEC00D73178 /* AppDelegate.swift */ = {isa = PBXFileReference; lastKnownFileType = sourcecode.swift; path = AppDelegate.swift; sourceTree = "<group>"; };
		FC4628D11DAB8DEC00D73178 /* Base */ = {isa = PBXFileReference; lastKnownFileType = file.storyboard; name = Base; path = Base.lproj/Main.storyboard; sourceTree = "<group>"; };
		FC4628D41DAB8DEC00D73178 /* Earthquakes.xcdatamodel */ = {isa = PBXFileReference; lastKnownFileType = wrapper.xcdatamodel; path = Earthquakes.xcdatamodel; sourceTree = "<group>"; };
		FC4628D91DAB8DEC00D73178 /* Base */ = {isa = PBXFileReference; lastKnownFileType = file.storyboard; name = Base; path = Base.lproj/LaunchScreen.storyboard; sourceTree = "<group>"; };
		FC4628DB1DAB8DEC00D73178 /* Info.plist */ = {isa = PBXFileReference; lastKnownFileType = text.plist.xml; path = Info.plist; sourceTree = "<group>"; };
		FC4628E11DABA86300D73178 /* Assets.xcassets */ = {isa = PBXFileReference; lastKnownFileType = folder.assetcatalog; path = Assets.xcassets; sourceTree = "<group>"; };
		FC4628E51DABB33900D73178 /* EarthquakeViewController.swift */ = {isa = PBXFileReference; fileEncoding = 4; lastKnownFileType = sourcecode.swift; path = EarthquakeViewController.swift; sourceTree = "<group>"; };
		FC4628EA1DABB38800D73178 /* EarthquakeTableViewCell.xib */ = {isa = PBXFileReference; fileEncoding = 4; lastKnownFileType = file.xib; path = EarthquakeTableViewCell.xib; sourceTree = "<group>"; };
		FC4628EC1DABB39400D73178 /* EarthquakeTableViewCell.swift */ = {isa = PBXFileReference; fileEncoding = 4; lastKnownFileType = sourcecode.swift; path = EarthquakeTableViewCell.swift; sourceTree = "<group>"; };
		FC4628F11DACE2FF00D73178 /* APIClient.swift */ = {isa = PBXFileReference; fileEncoding = 4; lastKnownFileType = sourcecode.swift; path = APIClient.swift; sourceTree = "<group>"; };
		FC4628F41DAD26C200D73178 /* Earthquake.swift */ = {isa = PBXFileReference; fileEncoding = 4; lastKnownFileType = sourcecode.swift; path = Earthquake.swift; sourceTree = "<group>"; };
		FC4628F81DAD3BD300D73178 /* Date.swift */ = {isa = PBXFileReference; fileEncoding = 4; lastKnownFileType = sourcecode.swift; path = Date.swift; sourceTree = "<group>"; };
		FC73BC741DAD7F4100F7CAA2 /* Earthquake+CoreDataClass.swift */ = {isa = PBXFileReference; fileEncoding = 4; lastKnownFileType = sourcecode.swift; path = "Earthquake+CoreDataClass.swift"; sourceTree = "<group>"; };
		FC73BC751DAD7F4100F7CAA2 /* Earthquake+CoreDataProperties.swift */ = {isa = PBXFileReference; fileEncoding = 4; lastKnownFileType = sourcecode.swift; path = "Earthquake+CoreDataProperties.swift"; sourceTree = "<group>"; };
		FC73BC791DAE4FD200F7CAA2 /* FavouritiesTableViewController.swift */ = {isa = PBXFileReference; fileEncoding = 4; lastKnownFileType = sourcecode.swift; path = FavouritiesTableViewController.swift; sourceTree = "<group>"; };
/* End PBXFileReference section */

/* Begin PBXFrameworksBuildPhase section */
		FC4628C61DAB8DEC00D73178 /* Frameworks */ = {
			isa = PBXFrameworksBuildPhase;
			buildActionMask = 2147483647;
			files = (
				FC1A97781DAD517D00C5C0A4 /* MapKit.framework in Frameworks */,
				C279171ED85475ABA274A0B3 /* Pods_Earthquakes.framework in Frameworks */,
			);
			runOnlyForDeploymentPostprocessing = 0;
		};
/* End PBXFrameworksBuildPhase section */

/* Begin PBXGroup section */
		3C6E6173D377034A5CCCBF34 /* Pods */ = {
			isa = PBXGroup;
			children = (
				BA3F67F0333386BFE4791606 /* Pods-Earthquakes.debug.xcconfig */,
				97B8AC2CDB6AED7FD421155C /* Pods-Earthquakes.release.xcconfig */,
			);
			name = Pods;
			sourceTree = "<group>";
		};
		EED6CD64C1DB7E00EE2866C7 /* Frameworks */ = {
			isa = PBXGroup;
			children = (
				FC1A97771DAD517D00C5C0A4 /* MapKit.framework */,
				789DA8F58394E21FE9E198AB /* Pods_Earthquakes.framework */,
			);
			name = Frameworks;
			sourceTree = "<group>";
		};
		FC36BD961DAD4A6400D7E496 /* Detailed View */ = {
			isa = PBXGroup;
			children = (
				FC1A97791DAD546000C5C0A4 /* DetailedEarthquakeViewController.swift */,
			);
			path = "Detailed View";
			sourceTree = "<group>";
		};
		FC4628C01DAB8DEC00D73178 = {
			isa = PBXGroup;
			children = (
				FC4628CB1DAB8DEC00D73178 /* Earthquakes */,
				EED6CD64C1DB7E00EE2866C7 /* Frameworks */,
				3C6E6173D377034A5CCCBF34 /* Pods */,
				FC4628CA1DAB8DEC00D73178 /* Products */,
			);
			sourceTree = "<group>";
		};
		FC4628CA1DAB8DEC00D73178 /* Products */ = {
			isa = PBXGroup;
			children = (
				FC4628C91DAB8DEC00D73178 /* Earthquakes.app */,
			);
			name = Products;
			sourceTree = "<group>";
		};
		FC4628CB1DAB8DEC00D73178 /* Earthquakes */ = {
			isa = PBXGroup;
			children = (
				FC73BC6B1DAD7D6100F7CAA2 /* Core Data */,
				FC4628F71DAD3BC800D73178 /* Extensions */,
				FC4628F31DAD268C00D73178 /* Model */,
				FC4628EE1DABD0D500D73178 /* Networking */,
				FC4628E31DABB29E00D73178 /* View Controllers */,
				FC4628CC1DAB8DEC00D73178 /* AppDelegate.swift */,
				FC4628E11DABA86300D73178 /* Assets.xcassets */,
				FC4628DB1DAB8DEC00D73178 /* Info.plist */,
				FC4628D81DAB8DEC00D73178 /* LaunchScreen.storyboard */,
				FC4628D01DAB8DEC00D73178 /* Main.storyboard */,
			);
			path = Earthquakes;
			sourceTree = "<group>";
		};
		FC4628E31DABB29E00D73178 /* View Controllers */ = {
			isa = PBXGroup;
			children = (
				FC36BD961DAD4A6400D7E496 /* Detailed View */,
				FC4628E41DABB2B100D73178 /* Earthquakes List */,
				FC73BC781DAE4F6800F7CAA2 /* Favourities List */,
			);
			path = "View Controllers";
			sourceTree = "<group>";
		};
		FC4628E41DABB2B100D73178 /* Earthquakes List */ = {
			isa = PBXGroup;
			children = (
				FC4628E91DABB36800D73178 /* Cell */,
				FC4628E51DABB33900D73178 /* EarthquakeViewController.swift */,
			);
			path = "Earthquakes List";
			sourceTree = "<group>";
		};
		FC4628E91DABB36800D73178 /* Cell */ = {
			isa = PBXGroup;
			children = (
				FC4628EC1DABB39400D73178 /* EarthquakeTableViewCell.swift */,
				FC4628EA1DABB38800D73178 /* EarthquakeTableViewCell.xib */,
				FC36BD941DAD489B00D7E496 /* NothingFoundCell.xib */,
			);
			path = Cell;
			sourceTree = "<group>";
		};
		FC4628EE1DABD0D500D73178 /* Networking */ = {
			isa = PBXGroup;
			children = (
				FC4628F11DACE2FF00D73178 /* APIClient.swift */,
			);
			path = Networking;
			sourceTree = "<group>";
		};
		FC4628F31DAD268C00D73178 /* Model */ = {
			isa = PBXGroup;
			children = (
				FC4628F41DAD26C200D73178 /* Earthquake.swift */,
			);
			path = Model;
			sourceTree = "<group>";
		};
		FC4628F71DAD3BC800D73178 /* Extensions */ = {
			isa = PBXGroup;
			children = (
				FC4628F81DAD3BD300D73178 /* Date.swift */,
			);
			path = Extensions;
			sourceTree = "<group>";
		};
		FC73BC6B1DAD7D6100F7CAA2 /* Core Data */ = {
			isa = PBXGroup;
			children = (
				FC73BC741DAD7F4100F7CAA2 /* Earthquake+CoreDataClass.swift */,
				FC73BC751DAD7F4100F7CAA2 /* Earthquake+CoreDataProperties.swift */,
				FC4628D31DAB8DEC00D73178 /* Earthquakes.xcdatamodeld */,
				FC0ACB771DE84A6100F8C2B7 /* CoreDataManager.swift */,
			);
			path = "Core Data";
			sourceTree = "<group>";
		};
		FC73BC781DAE4F6800F7CAA2 /* Favourities List */ = {
			isa = PBXGroup;
			children = (
				FC73BC791DAE4FD200F7CAA2 /* FavouritiesTableViewController.swift */,
			);
			path = "Favourities List";
			sourceTree = "<group>";
		};
/* End PBXGroup section */

/* Begin PBXNativeTarget section */
		FC4628C81DAB8DEC00D73178 /* Earthquakes */ = {
			isa = PBXNativeTarget;
			buildConfigurationList = FC4628DE1DAB8DEC00D73178 /* Build configuration list for PBXNativeTarget "Earthquakes" */;
			buildPhases = (
				E079AB6AA984F02C53A7E4B5 /* [CP] Check Pods Manifest.lock */,
				FC4628C51DAB8DEC00D73178 /* Sources */,
				FC4628C61DAB8DEC00D73178 /* Frameworks */,
				FC4628C71DAB8DEC00D73178 /* Resources */,
				FFED95B27560DEE648D2792E /* [CP] Embed Pods Frameworks */,
				81FAB06E97C1E8911FCE818F /* [CP] Copy Pods Resources */,
			);
			buildRules = (
			);
			dependencies = (
			);
			name = Earthquakes;
			productName = Earthquakes;
			productReference = FC4628C91DAB8DEC00D73178 /* Earthquakes.app */;
			productType = "com.apple.product-type.application";
		};
/* End PBXNativeTarget section */

/* Begin PBXProject section */
		FC4628C11DAB8DEC00D73178 /* Project object */ = {
			isa = PBXProject;
			attributes = {
				LastSwiftUpdateCheck = 0800;
				LastUpgradeCheck = 0800;
				ORGANIZATIONNAME = "Anna-Maria Shkarlinska";
				TargetAttributes = {
					FC4628C81DAB8DEC00D73178 = {
						CreatedOnToolsVersion = 8.0;
						DevelopmentTeam = T2N35H5289;
						LastSwiftMigration = 0800;
						ProvisioningStyle = Automatic;
						SystemCapabilities = {
							com.apple.Maps.iOS = {
								enabled = 1;
							};
						};
					};
				};
			};
			buildConfigurationList = FC4628C41DAB8DEC00D73178 /* Build configuration list for PBXProject "Earthquakes" */;
			compatibilityVersion = "Xcode 3.2";
			developmentRegion = English;
			hasScannedForEncodings = 0;
			knownRegions = (
				en,
				Base,
			);
			mainGroup = FC4628C01DAB8DEC00D73178;
			productRefGroup = FC4628CA1DAB8DEC00D73178 /* Products */;
			projectDirPath = "";
			projectRoot = "";
			targets = (
				FC4628C81DAB8DEC00D73178 /* Earthquakes */,
			);
		};
/* End PBXProject section */

/* Begin PBXResourcesBuildPhase section */
		FC4628C71DAB8DEC00D73178 /* Resources */ = {
			isa = PBXResourcesBuildPhase;
			buildActionMask = 2147483647;
			files = (
				FC4628DA1DAB8DEC00D73178 /* LaunchScreen.storyboard in Resources */,
				FC4628E21DABA86300D73178 /* Assets.xcassets in Resources */,
				FC4628EB1DABB38800D73178 /* EarthquakeTableViewCell.xib in Resources */,
				FC36BD951DAD489B00D7E496 /* NothingFoundCell.xib in Resources */,
				FC4628D21DAB8DEC00D73178 /* Main.storyboard in Resources */,
			);
			runOnlyForDeploymentPostprocessing = 0;
		};
/* End PBXResourcesBuildPhase section */

/* Begin PBXShellScriptBuildPhase section */
		81FAB06E97C1E8911FCE818F /* [CP] Copy Pods Resources */ = {
			isa = PBXShellScriptBuildPhase;
			buildActionMask = 2147483647;
			files = (
			);
			inputPaths = (
			);
			name = "[CP] Copy Pods Resources";
			outputPaths = (
			);
			runOnlyForDeploymentPostprocessing = 0;
			shellPath = /bin/sh;
			shellScript = "\"${SRCROOT}/Pods/Target Support Files/Pods-Earthquakes/Pods-Earthquakes-resources.sh\"\n";
			showEnvVarsInLog = 0;
		};
		E079AB6AA984F02C53A7E4B5 /* [CP] Check Pods Manifest.lock */ = {
			isa = PBXShellScriptBuildPhase;
			buildActionMask = 2147483647;
			files = (
			);
			inputPaths = (
			);
			name = "[CP] Check Pods Manifest.lock";
			outputPaths = (
			);
			runOnlyForDeploymentPostprocessing = 0;
			shellPath = /bin/sh;
			shellScript = "diff \"${PODS_ROOT}/../Podfile.lock\" \"${PODS_ROOT}/Manifest.lock\" > /dev/null\nif [[ $? != 0 ]] ; then\n    cat << EOM\nerror: The sandbox is not in sync with the Podfile.lock. Run 'pod install' or update your CocoaPods installation.\nEOM\n    exit 1\nfi\n";
			showEnvVarsInLog = 0;
		};
		FFED95B27560DEE648D2792E /* [CP] Embed Pods Frameworks */ = {
			isa = PBXShellScriptBuildPhase;
			buildActionMask = 2147483647;
			files = (
			);
			inputPaths = (
			);
			name = "[CP] Embed Pods Frameworks";
			outputPaths = (
			);
			runOnlyForDeploymentPostprocessing = 0;
			shellPath = /bin/sh;
			shellScript = "\"${SRCROOT}/Pods/Target Support Files/Pods-Earthquakes/Pods-Earthquakes-frameworks.sh\"\n";
			showEnvVarsInLog = 0;
		};
/* End PBXShellScriptBuildPhase section */

/* Begin PBXSourcesBuildPhase section */
		FC4628C51DAB8DEC00D73178 /* Sources */ = {
			isa = PBXSourcesBuildPhase;
			buildActionMask = 2147483647;
			files = (
				FC4628D51DAB8DEC00D73178 /* Earthquakes.xcdatamodeld in Sources */,
				FC4628ED1DABB39400D73178 /* EarthquakeTableViewCell.swift in Sources */,
				FC4628F21DACE30000D73178 /* APIClient.swift in Sources */,
				FC73BC761DAD7F4100F7CAA2 /* Earthquake+CoreDataClass.swift in Sources */,
				FC73BC771DAD7F4100F7CAA2 /* Earthquake+CoreDataProperties.swift in Sources */,
				FC4628F91DAD3BD400D73178 /* Date.swift in Sources */,
				FC0ACB781DE84A6100F8C2B7 /* CoreDataManager.swift in Sources */,
				FC4628CD1DAB8DEC00D73178 /* AppDelegate.swift in Sources */,
				FC4628F51DAD26C200D73178 /* Earthquake.swift in Sources */,
				FC4628E61DABB33900D73178 /* EarthquakeViewController.swift in Sources */,
				FC73BC7A1DAE4FD200F7CAA2 /* FavouritiesTableViewController.swift in Sources */,
				FC1A977A1DAD546000C5C0A4 /* DetailedEarthquakeViewController.swift in Sources */,
			);
			runOnlyForDeploymentPostprocessing = 0;
		};
/* End PBXSourcesBuildPhase section */

/* Begin PBXVariantGroup section */
		FC4628D01DAB8DEC00D73178 /* Main.storyboard */ = {
			isa = PBXVariantGroup;
			children = (
				FC4628D11DAB8DEC00D73178 /* Base */,
			);
			name = Main.storyboard;
			path = .;
			sourceTree = "<group>";
		};
		FC4628D81DAB8DEC00D73178 /* LaunchScreen.storyboard */ = {
			isa = PBXVariantGroup;
			children = (
				FC4628D91DAB8DEC00D73178 /* Base */,
			);
			name = LaunchScreen.storyboard;
			path = .;
			sourceTree = "<group>";
		};
/* End PBXVariantGroup section */

/* Begin XCBuildConfiguration section */
		FC4628DC1DAB8DEC00D73178 /* Debug */ = {
			isa = XCBuildConfiguration;
			buildSettings = {
				ALWAYS_SEARCH_USER_PATHS = NO;
				CLANG_ANALYZER_NONNULL = YES;
				CLANG_CXX_LANGUAGE_STANDARD = "gnu++0x";
				CLANG_CXX_LIBRARY = "libc++";
				CLANG_ENABLE_MODULES = YES;
				CLANG_ENABLE_OBJC_ARC = YES;
				CLANG_WARN_BOOL_CONVERSION = YES;
				CLANG_WARN_CONSTANT_CONVERSION = YES;
				CLANG_WARN_DIRECT_OBJC_ISA_USAGE = YES_ERROR;
				CLANG_WARN_DOCUMENTATION_COMMENTS = YES;
				CLANG_WARN_EMPTY_BODY = YES;
				CLANG_WARN_ENUM_CONVERSION = YES;
				CLANG_WARN_INFINITE_RECURSION = YES;
				CLANG_WARN_INT_CONVERSION = YES;
				CLANG_WARN_OBJC_ROOT_CLASS = YES_ERROR;
				CLANG_WARN_SUSPICIOUS_MOVES = YES;
				CLANG_WARN_UNREACHABLE_CODE = YES;
				CLANG_WARN__DUPLICATE_METHOD_MATCH = YES;
				"CODE_SIGN_IDENTITY[sdk=iphoneos*]" = "iPhone Developer";
				COPY_PHASE_STRIP = NO;
				DEBUG_INFORMATION_FORMAT = dwarf;
				ENABLE_STRICT_OBJC_MSGSEND = YES;
				ENABLE_TESTABILITY = YES;
				GCC_C_LANGUAGE_STANDARD = gnu99;
				GCC_DYNAMIC_NO_PIC = NO;
				GCC_NO_COMMON_BLOCKS = YES;
				GCC_OPTIMIZATION_LEVEL = 0;
				GCC_PREPROCESSOR_DEFINITIONS = (
					"DEBUG=1",
					"$(inherited)",
				);
				GCC_WARN_64_TO_32_BIT_CONVERSION = YES;
				GCC_WARN_ABOUT_RETURN_TYPE = YES_ERROR;
				GCC_WARN_UNDECLARED_SELECTOR = YES;
				GCC_WARN_UNINITIALIZED_AUTOS = YES_AGGRESSIVE;
				GCC_WARN_UNUSED_FUNCTION = YES;
				GCC_WARN_UNUSED_VARIABLE = YES;
				IPHONEOS_DEPLOYMENT_TARGET = 10.0;
				MTL_ENABLE_DEBUG_INFO = YES;
				ONLY_ACTIVE_ARCH = YES;
				SDKROOT = iphoneos;
				SWIFT_ACTIVE_COMPILATION_CONDITIONS = DEBUG;
				SWIFT_OPTIMIZATION_LEVEL = "-Onone";
				TARGETED_DEVICE_FAMILY = "1,2";
			};
			name = Debug;
		};
		FC4628DD1DAB8DEC00D73178 /* Release */ = {
			isa = XCBuildConfiguration;
			buildSettings = {
				ALWAYS_SEARCH_USER_PATHS = NO;
				CLANG_ANALYZER_NONNULL = YES;
				CLANG_CXX_LANGUAGE_STANDARD = "gnu++0x";
				CLANG_CXX_LIBRARY = "libc++";
				CLANG_ENABLE_MODULES = YES;
				CLANG_ENABLE_OBJC_ARC = YES;
				CLANG_WARN_BOOL_CONVERSION = YES;
				CLANG_WARN_CONSTANT_CONVERSION = YES;
				CLANG_WARN_DIRECT_OBJC_ISA_USAGE = YES_ERROR;
				CLANG_WARN_DOCUMENTATION_COMMENTS = YES;
				CLANG_WARN_EMPTY_BODY = YES;
				CLANG_WARN_ENUM_CONVERSION = YES;
				CLANG_WARN_INFINITE_RECURSION = YES;
				CLANG_WARN_INT_CONVERSION = YES;
				CLANG_WARN_OBJC_ROOT_CLASS = YES_ERROR;
				CLANG_WARN_SUSPICIOUS_MOVES = YES;
				CLANG_WARN_UNREACHABLE_CODE = YES;
				CLANG_WARN__DUPLICATE_METHOD_MATCH = YES;
				"CODE_SIGN_IDENTITY[sdk=iphoneos*]" = "iPhone Developer";
				COPY_PHASE_STRIP = NO;
				DEBUG_INFORMATION_FORMAT = "dwarf-with-dsym";
				ENABLE_NS_ASSERTIONS = NO;
				ENABLE_STRICT_OBJC_MSGSEND = YES;
				GCC_C_LANGUAGE_STANDARD = gnu99;
				GCC_NO_COMMON_BLOCKS = YES;
				GCC_WARN_64_TO_32_BIT_CONVERSION = YES;
				GCC_WARN_ABOUT_RETURN_TYPE = YES_ERROR;
				GCC_WARN_UNDECLARED_SELECTOR = YES;
				GCC_WARN_UNINITIALIZED_AUTOS = YES_AGGRESSIVE;
				GCC_WARN_UNUSED_FUNCTION = YES;
				GCC_WARN_UNUSED_VARIABLE = YES;
				IPHONEOS_DEPLOYMENT_TARGET = 10.0;
				MTL_ENABLE_DEBUG_INFO = NO;
				SDKROOT = iphoneos;
				SWIFT_OPTIMIZATION_LEVEL = "-Owholemodule";
				TARGETED_DEVICE_FAMILY = "1,2";
				VALIDATE_PRODUCT = YES;
			};
			name = Release;
		};
		FC4628DF1DAB8DEC00D73178 /* Debug */ = {
			isa = XCBuildConfiguration;
			baseConfigurationReference = BA3F67F0333386BFE4791606 /* Pods-Earthquakes.debug.xcconfig */;
			buildSettings = {
				ASSETCATALOG_COMPILER_APPICON_NAME = AppIcon;
				DEVELOPMENT_TEAM = T2N35H5289;
				INFOPLIST_FILE = Earthquakes/Info.plist;
				LD_RUNPATH_SEARCH_PATHS = "$(inherited) @executable_path/Frameworks";
				PRODUCT_BUNDLE_IDENTIFIER = shkarlinska.Earthquakes;
				PRODUCT_NAME = "$(TARGET_NAME)";
				SWIFT_VERSION = 3.0;
			};
			name = Debug;
		};
		FC4628E01DAB8DEC00D73178 /* Release */ = {
			isa = XCBuildConfiguration;
			baseConfigurationReference = 97B8AC2CDB6AED7FD421155C /* Pods-Earthquakes.release.xcconfig */;
			buildSettings = {
				ASSETCATALOG_COMPILER_APPICON_NAME = AppIcon;
				DEVELOPMENT_TEAM = T2N35H5289;
				INFOPLIST_FILE = Earthquakes/Info.plist;
				LD_RUNPATH_SEARCH_PATHS = "$(inherited) @executable_path/Frameworks";
				PRODUCT_BUNDLE_IDENTIFIER = shkarlinska.Earthquakes;
				PRODUCT_NAME = "$(TARGET_NAME)";
				SWIFT_VERSION = 3.0;
			};
			name = Release;
		};
/* End XCBuildConfiguration section */

/* Begin XCConfigurationList section */
		FC4628C41DAB8DEC00D73178 /* Build configuration list for PBXProject "Earthquakes" */ = {
			isa = XCConfigurationList;
			buildConfigurations = (
				FC4628DC1DAB8DEC00D73178 /* Debug */,
				FC4628DD1DAB8DEC00D73178 /* Release */,
			);
			defaultConfigurationIsVisible = 0;
			defaultConfigurationName = Release;
		};
		FC4628DE1DAB8DEC00D73178 /* Build configuration list for PBXNativeTarget "Earthquakes" */ = {
			isa = XCConfigurationList;
			buildConfigurations = (
				FC4628DF1DAB8DEC00D73178 /* Debug */,
				FC4628E01DAB8DEC00D73178 /* Release */,
			);
			defaultConfigurationIsVisible = 0;
			defaultConfigurationName = Release;
		};
/* End XCConfigurationList section */

/* Begin XCVersionGroup section */
		FC4628D31DAB8DEC00D73178 /* Earthquakes.xcdatamodeld */ = {
			isa = XCVersionGroup;
			children = (
				FC4628D41DAB8DEC00D73178 /* Earthquakes.xcdatamodel */,
			);
			currentVersion = FC4628D41DAB8DEC00D73178 /* Earthquakes.xcdatamodel */;
			path = Earthquakes.xcdatamodeld;
			sourceTree = "<group>";
			versionGroupType = wrapper.xcdatamodel;
		};
/* End XCVersionGroup section */
	};
	rootObject = FC4628C11DAB8DEC00D73178 /* Project object */;
}
